// !$*UTF8*$!
{
	archiveVersion = 1;
	classes = {
	};
	objectVersion = 46;
	objects = {

/* Begin PBXAggregateTarget section */
		"todoapp-cli::TodoApp-CLIPackageTests::ProductTarget" /* TodoApp-CLIPackageTests */ = {
			isa = PBXAggregateTarget;
			buildConfigurationList = OBJ_142 /* Build configuration list for PBXAggregateTarget "TodoApp-CLIPackageTests" */;
			buildPhases = (
			);
			dependencies = (
				OBJ_145 /* PBXTargetDependency */,
			);
			name = "TodoApp-CLIPackageTests";
			productName = "TodoApp-CLIPackageTests";
		};
/* End PBXAggregateTarget section */

/* Begin PBXBuildFile section */
		4C5304A22837DA48006AF10F /* DeleteTaskCommand.swift in Sources */ = {isa = PBXBuildFile; fileRef = 4C5304A02837D9A3006AF10F /* DeleteTaskCommand.swift */; };
		4C5304A42837DA63006AF10F /* CompleteCommand.swift in Sources */ = {isa = PBXBuildFile; fileRef = 4C5304A32837DA63006AF10F /* CompleteCommand.swift */; };
		4C5304A62837DA8F006AF10F /* ListTasksCommand.swift in Sources */ = {isa = PBXBuildFile; fileRef = 4C5304A52837DA8F006AF10F /* ListTasksCommand.swift */; };
		4C5304A82837DABE006AF10F /* AddTaskCommand.swift in Sources */ = {isa = PBXBuildFile; fileRef = 4C5304A72837DABE006AF10F /* AddTaskCommand.swift */; };
		4C5304AB2837DB3C006AF10F /* TodoAppEngine.swift in Sources */ = {isa = PBXBuildFile; fileRef = 4C5304AA2837DB3C006AF10F /* TodoAppEngine.swift */; };
		4C5304AE2837DBF1006AF10F /* IPersistenceManager.swift in Sources */ = {isa = PBXBuildFile; fileRef = 4C5304AD2837DBF1006AF10F /* IPersistenceManager.swift */; };
		4C5304B02837DC0B006AF10F /* PersistenceManagerImpl.swift in Sources */ = {isa = PBXBuildFile; fileRef = 4C5304AF2837DC0B006AF10F /* PersistenceManagerImpl.swift */; };
		4C5304B32837DC47006AF10F /* Task.swift in Sources */ = {isa = PBXBuildFile; fileRef = 4C5304B22837DC47006AF10F /* Task.swift */; };
		4C5304B62837DC92006AF10F /* Extensions.swift in Sources */ = {isa = PBXBuildFile; fileRef = 4C5304B52837DC92006AF10F /* Extensions.swift */; };
		OBJ_100 /* Name.swift in Sources */ = {isa = PBXBuildFile; fileRef = OBJ_45 /* Name.swift */; };
		OBJ_101 /* Parsed.swift in Sources */ = {isa = PBXBuildFile; fileRef = OBJ_46 /* Parsed.swift */; };
		OBJ_102 /* ParsedValues.swift in Sources */ = {isa = PBXBuildFile; fileRef = OBJ_47 /* ParsedValues.swift */; };
		OBJ_103 /* ParserError.swift in Sources */ = {isa = PBXBuildFile; fileRef = OBJ_48 /* ParserError.swift */; };
		OBJ_104 /* SplitArguments.swift in Sources */ = {isa = PBXBuildFile; fileRef = OBJ_49 /* SplitArguments.swift */; };
		OBJ_105 /* DumpHelpGenerator.swift in Sources */ = {isa = PBXBuildFile; fileRef = OBJ_51 /* DumpHelpGenerator.swift */; };
		OBJ_106 /* HelpCommand.swift in Sources */ = {isa = PBXBuildFile; fileRef = OBJ_52 /* HelpCommand.swift */; };
		OBJ_107 /* HelpGenerator.swift in Sources */ = {isa = PBXBuildFile; fileRef = OBJ_53 /* HelpGenerator.swift */; };
		OBJ_108 /* MessageInfo.swift in Sources */ = {isa = PBXBuildFile; fileRef = OBJ_54 /* MessageInfo.swift */; };
		OBJ_109 /* UsageGenerator.swift in Sources */ = {isa = PBXBuildFile; fileRef = OBJ_55 /* UsageGenerator.swift */; };
		OBJ_110 /* CollectionExtensions.swift in Sources */ = {isa = PBXBuildFile; fileRef = OBJ_57 /* CollectionExtensions.swift */; };
		OBJ_111 /* SequenceExtensions.swift in Sources */ = {isa = PBXBuildFile; fileRef = OBJ_58 /* SequenceExtensions.swift */; };
		OBJ_112 /* StringExtensions.swift in Sources */ = {isa = PBXBuildFile; fileRef = OBJ_59 /* StringExtensions.swift */; };
		OBJ_113 /* Tree.swift in Sources */ = {isa = PBXBuildFile; fileRef = OBJ_60 /* Tree.swift */; };
		OBJ_115 /* ArgumentParserToolInfo.framework in Frameworks */ = {isa = PBXBuildFile; fileRef = "swift-argument-parser::ArgumentParserToolInfo::Product" /* ArgumentParserToolInfo.framework */; };
		OBJ_122 /* ToolInfo.swift in Sources */ = {isa = PBXBuildFile; fileRef = OBJ_62 /* ToolInfo.swift */; };
		OBJ_129 /* main.swift in Sources */ = {isa = PBXBuildFile; fileRef = OBJ_9 /* main.swift */; };
		OBJ_131 /* ArgumentParser.framework in Frameworks */ = {isa = PBXBuildFile; fileRef = "swift-argument-parser::ArgumentParser::Product" /* ArgumentParser.framework */; };
		OBJ_132 /* ArgumentParserToolInfo.framework in Frameworks */ = {isa = PBXBuildFile; fileRef = "swift-argument-parser::ArgumentParserToolInfo::Product" /* ArgumentParserToolInfo.framework */; };
		OBJ_140 /* Package.swift in Sources */ = {isa = PBXBuildFile; fileRef = OBJ_6 /* Package.swift */; };
		OBJ_151 /* TodoApp_CLITests.swift in Sources */ = {isa = PBXBuildFile; fileRef = OBJ_12 /* TodoApp_CLITests.swift */; };
		OBJ_153 /* ArgumentParser.framework in Frameworks */ = {isa = PBXBuildFile; fileRef = "swift-argument-parser::ArgumentParser::Product" /* ArgumentParser.framework */; };
		OBJ_154 /* ArgumentParserToolInfo.framework in Frameworks */ = {isa = PBXBuildFile; fileRef = "swift-argument-parser::ArgumentParserToolInfo::Product" /* ArgumentParserToolInfo.framework */; };
		OBJ_163 /* Package.swift in Sources */ = {isa = PBXBuildFile; fileRef = OBJ_63 /* Package.swift */; };
		OBJ_75 /* BashCompletionsGenerator.swift in Sources */ = {isa = PBXBuildFile; fileRef = OBJ_17 /* BashCompletionsGenerator.swift */; };
		OBJ_76 /* CompletionsGenerator.swift in Sources */ = {isa = PBXBuildFile; fileRef = OBJ_18 /* CompletionsGenerator.swift */; };
		OBJ_77 /* FishCompletionsGenerator.swift in Sources */ = {isa = PBXBuildFile; fileRef = OBJ_19 /* FishCompletionsGenerator.swift */; };
		OBJ_78 /* ZshCompletionsGenerator.swift in Sources */ = {isa = PBXBuildFile; fileRef = OBJ_20 /* ZshCompletionsGenerator.swift */; };
		OBJ_79 /* Argument.swift in Sources */ = {isa = PBXBuildFile; fileRef = OBJ_22 /* Argument.swift */; };
		OBJ_80 /* ArgumentHelp.swift in Sources */ = {isa = PBXBuildFile; fileRef = OBJ_23 /* ArgumentHelp.swift */; };
		OBJ_81 /* ArgumentVisibility.swift in Sources */ = {isa = PBXBuildFile; fileRef = OBJ_24 /* ArgumentVisibility.swift */; };
		OBJ_82 /* CompletionKind.swift in Sources */ = {isa = PBXBuildFile; fileRef = OBJ_25 /* CompletionKind.swift */; };
		OBJ_83 /* Errors.swift in Sources */ = {isa = PBXBuildFile; fileRef = OBJ_26 /* Errors.swift */; };
		OBJ_84 /* Flag.swift in Sources */ = {isa = PBXBuildFile; fileRef = OBJ_27 /* Flag.swift */; };
		OBJ_85 /* NameSpecification.swift in Sources */ = {isa = PBXBuildFile; fileRef = OBJ_28 /* NameSpecification.swift */; };
		OBJ_86 /* Option.swift in Sources */ = {isa = PBXBuildFile; fileRef = OBJ_29 /* Option.swift */; };
		OBJ_87 /* OptionGroup.swift in Sources */ = {isa = PBXBuildFile; fileRef = OBJ_30 /* OptionGroup.swift */; };
		OBJ_88 /* AsyncParsableCommand.swift in Sources */ = {isa = PBXBuildFile; fileRef = OBJ_32 /* AsyncParsableCommand.swift */; };
		OBJ_89 /* CommandConfiguration.swift in Sources */ = {isa = PBXBuildFile; fileRef = OBJ_33 /* CommandConfiguration.swift */; };
		OBJ_90 /* EnumerableFlag.swift in Sources */ = {isa = PBXBuildFile; fileRef = OBJ_34 /* EnumerableFlag.swift */; };
		OBJ_91 /* ExpressibleByArgument.swift in Sources */ = {isa = PBXBuildFile; fileRef = OBJ_35 /* ExpressibleByArgument.swift */; };
		OBJ_92 /* ParsableArguments.swift in Sources */ = {isa = PBXBuildFile; fileRef = OBJ_36 /* ParsableArguments.swift */; };
		OBJ_93 /* ParsableArgumentsValidation.swift in Sources */ = {isa = PBXBuildFile; fileRef = OBJ_37 /* ParsableArgumentsValidation.swift */; };
		OBJ_94 /* ParsableCommand.swift in Sources */ = {isa = PBXBuildFile; fileRef = OBJ_38 /* ParsableCommand.swift */; };
		OBJ_95 /* ArgumentDecoder.swift in Sources */ = {isa = PBXBuildFile; fileRef = OBJ_40 /* ArgumentDecoder.swift */; };
		OBJ_96 /* ArgumentDefinition.swift in Sources */ = {isa = PBXBuildFile; fileRef = OBJ_41 /* ArgumentDefinition.swift */; };
		OBJ_97 /* ArgumentSet.swift in Sources */ = {isa = PBXBuildFile; fileRef = OBJ_42 /* ArgumentSet.swift */; };
		OBJ_98 /* CommandParser.swift in Sources */ = {isa = PBXBuildFile; fileRef = OBJ_43 /* CommandParser.swift */; };
		OBJ_99 /* InputOrigin.swift in Sources */ = {isa = PBXBuildFile; fileRef = OBJ_44 /* InputOrigin.swift */; };
/* End PBXBuildFile section */

/* Begin PBXContainerItemProxy section */
		4C5304982837B636006AF10F /* PBXContainerItemProxy */ = {
			isa = PBXContainerItemProxy;
			containerPortal = OBJ_1 /* Project object */;
			proxyType = 1;
			remoteGlobalIDString = "swift-argument-parser::ArgumentParser";
			remoteInfo = ArgumentParser;
		};
		4C5304992837B636006AF10F /* PBXContainerItemProxy */ = {
			isa = PBXContainerItemProxy;
			containerPortal = OBJ_1 /* Project object */;
			proxyType = 1;
			remoteGlobalIDString = "swift-argument-parser::ArgumentParserToolInfo";
			remoteInfo = ArgumentParserToolInfo;
		};
		4C53049A2837B636006AF10F /* PBXContainerItemProxy */ = {
			isa = PBXContainerItemProxy;
			containerPortal = OBJ_1 /* Project object */;
			proxyType = 1;
			remoteGlobalIDString = "swift-argument-parser::ArgumentParserToolInfo";
			remoteInfo = ArgumentParserToolInfo;
		};
		4C53049B2837B637006AF10F /* PBXContainerItemProxy */ = {
			isa = PBXContainerItemProxy;
			containerPortal = OBJ_1 /* Project object */;
			proxyType = 1;
			remoteGlobalIDString = "todoapp-cli::TodoApp-CLI";
			remoteInfo = "TodoApp-CLI";
		};
		4C53049C2837B637006AF10F /* PBXContainerItemProxy */ = {
			isa = PBXContainerItemProxy;
			containerPortal = OBJ_1 /* Project object */;
			proxyType = 1;
			remoteGlobalIDString = "swift-argument-parser::ArgumentParser";
			remoteInfo = ArgumentParser;
		};
		4C53049D2837B637006AF10F /* PBXContainerItemProxy */ = {
			isa = PBXContainerItemProxy;
			containerPortal = OBJ_1 /* Project object */;
			proxyType = 1;
			remoteGlobalIDString = "swift-argument-parser::ArgumentParserToolInfo";
			remoteInfo = ArgumentParserToolInfo;
		};
		4C53049E2837B637006AF10F /* PBXContainerItemProxy */ = {
			isa = PBXContainerItemProxy;
			containerPortal = OBJ_1 /* Project object */;
			proxyType = 1;
			remoteGlobalIDString = "todoapp-cli::TodoApp-CLITests";
			remoteInfo = "TodoApp-CLITests";
		};
/* End PBXContainerItemProxy section */

/* Begin PBXFileReference section */
		4C5304A02837D9A3006AF10F /* DeleteTaskCommand.swift */ = {isa = PBXFileReference; lastKnownFileType = sourcecode.swift; path = DeleteTaskCommand.swift; sourceTree = "<group>"; };
		4C5304A32837DA63006AF10F /* CompleteCommand.swift */ = {isa = PBXFileReference; lastKnownFileType = sourcecode.swift; path = CompleteCommand.swift; sourceTree = "<group>"; };
		4C5304A52837DA8F006AF10F /* ListTasksCommand.swift */ = {isa = PBXFileReference; lastKnownFileType = sourcecode.swift; path = ListTasksCommand.swift; sourceTree = "<group>"; };
		4C5304A72837DABE006AF10F /* AddTaskCommand.swift */ = {isa = PBXFileReference; lastKnownFileType = sourcecode.swift; path = AddTaskCommand.swift; sourceTree = "<group>"; };
		4C5304AA2837DB3C006AF10F /* TodoAppEngine.swift */ = {isa = PBXFileReference; lastKnownFileType = sourcecode.swift; path = TodoAppEngine.swift; sourceTree = "<group>"; };
		4C5304AD2837DBF1006AF10F /* IPersistenceManager.swift */ = {isa = PBXFileReference; lastKnownFileType = sourcecode.swift; path = IPersistenceManager.swift; sourceTree = "<group>"; };
		4C5304AF2837DC0B006AF10F /* PersistenceManagerImpl.swift */ = {isa = PBXFileReference; lastKnownFileType = sourcecode.swift; path = PersistenceManagerImpl.swift; sourceTree = "<group>"; };
		4C5304B22837DC47006AF10F /* Task.swift */ = {isa = PBXFileReference; lastKnownFileType = sourcecode.swift; path = Task.swift; sourceTree = "<group>"; };
		4C5304B52837DC92006AF10F /* Extensions.swift */ = {isa = PBXFileReference; lastKnownFileType = sourcecode.swift; path = Extensions.swift; sourceTree = "<group>"; };
		OBJ_12 /* TodoApp_CLITests.swift */ = {isa = PBXFileReference; lastKnownFileType = sourcecode.swift; path = TodoApp_CLITests.swift; sourceTree = "<group>"; };
		OBJ_17 /* BashCompletionsGenerator.swift */ = {isa = PBXFileReference; lastKnownFileType = sourcecode.swift; path = BashCompletionsGenerator.swift; sourceTree = "<group>"; };
		OBJ_18 /* CompletionsGenerator.swift */ = {isa = PBXFileReference; lastKnownFileType = sourcecode.swift; path = CompletionsGenerator.swift; sourceTree = "<group>"; };
		OBJ_19 /* FishCompletionsGenerator.swift */ = {isa = PBXFileReference; lastKnownFileType = sourcecode.swift; path = FishCompletionsGenerator.swift; sourceTree = "<group>"; };
		OBJ_20 /* ZshCompletionsGenerator.swift */ = {isa = PBXFileReference; lastKnownFileType = sourcecode.swift; path = ZshCompletionsGenerator.swift; sourceTree = "<group>"; };
		OBJ_22 /* Argument.swift */ = {isa = PBXFileReference; lastKnownFileType = sourcecode.swift; path = Argument.swift; sourceTree = "<group>"; };
		OBJ_23 /* ArgumentHelp.swift */ = {isa = PBXFileReference; lastKnownFileType = sourcecode.swift; path = ArgumentHelp.swift; sourceTree = "<group>"; };
		OBJ_24 /* ArgumentVisibility.swift */ = {isa = PBXFileReference; lastKnownFileType = sourcecode.swift; path = ArgumentVisibility.swift; sourceTree = "<group>"; };
		OBJ_25 /* CompletionKind.swift */ = {isa = PBXFileReference; lastKnownFileType = sourcecode.swift; path = CompletionKind.swift; sourceTree = "<group>"; };
		OBJ_26 /* Errors.swift */ = {isa = PBXFileReference; lastKnownFileType = sourcecode.swift; path = Errors.swift; sourceTree = "<group>"; };
		OBJ_27 /* Flag.swift */ = {isa = PBXFileReference; lastKnownFileType = sourcecode.swift; path = Flag.swift; sourceTree = "<group>"; };
		OBJ_28 /* NameSpecification.swift */ = {isa = PBXFileReference; lastKnownFileType = sourcecode.swift; path = NameSpecification.swift; sourceTree = "<group>"; };
		OBJ_29 /* Option.swift */ = {isa = PBXFileReference; lastKnownFileType = sourcecode.swift; path = Option.swift; sourceTree = "<group>"; };
		OBJ_30 /* OptionGroup.swift */ = {isa = PBXFileReference; lastKnownFileType = sourcecode.swift; path = OptionGroup.swift; sourceTree = "<group>"; };
		OBJ_32 /* AsyncParsableCommand.swift */ = {isa = PBXFileReference; lastKnownFileType = sourcecode.swift; path = AsyncParsableCommand.swift; sourceTree = "<group>"; };
		OBJ_33 /* CommandConfiguration.swift */ = {isa = PBXFileReference; lastKnownFileType = sourcecode.swift; path = CommandConfiguration.swift; sourceTree = "<group>"; };
		OBJ_34 /* EnumerableFlag.swift */ = {isa = PBXFileReference; lastKnownFileType = sourcecode.swift; path = EnumerableFlag.swift; sourceTree = "<group>"; };
		OBJ_35 /* ExpressibleByArgument.swift */ = {isa = PBXFileReference; lastKnownFileType = sourcecode.swift; path = ExpressibleByArgument.swift; sourceTree = "<group>"; };
		OBJ_36 /* ParsableArguments.swift */ = {isa = PBXFileReference; lastKnownFileType = sourcecode.swift; path = ParsableArguments.swift; sourceTree = "<group>"; };
		OBJ_37 /* ParsableArgumentsValidation.swift */ = {isa = PBXFileReference; lastKnownFileType = sourcecode.swift; path = ParsableArgumentsValidation.swift; sourceTree = "<group>"; };
		OBJ_38 /* ParsableCommand.swift */ = {isa = PBXFileReference; lastKnownFileType = sourcecode.swift; path = ParsableCommand.swift; sourceTree = "<group>"; };
		OBJ_40 /* ArgumentDecoder.swift */ = {isa = PBXFileReference; lastKnownFileType = sourcecode.swift; path = ArgumentDecoder.swift; sourceTree = "<group>"; };
		OBJ_41 /* ArgumentDefinition.swift */ = {isa = PBXFileReference; lastKnownFileType = sourcecode.swift; path = ArgumentDefinition.swift; sourceTree = "<group>"; };
		OBJ_42 /* ArgumentSet.swift */ = {isa = PBXFileReference; lastKnownFileType = sourcecode.swift; path = ArgumentSet.swift; sourceTree = "<group>"; };
		OBJ_43 /* CommandParser.swift */ = {isa = PBXFileReference; lastKnownFileType = sourcecode.swift; path = CommandParser.swift; sourceTree = "<group>"; };
		OBJ_44 /* InputOrigin.swift */ = {isa = PBXFileReference; lastKnownFileType = sourcecode.swift; path = InputOrigin.swift; sourceTree = "<group>"; };
		OBJ_45 /* Name.swift */ = {isa = PBXFileReference; lastKnownFileType = sourcecode.swift; path = Name.swift; sourceTree = "<group>"; };
		OBJ_46 /* Parsed.swift */ = {isa = PBXFileReference; lastKnownFileType = sourcecode.swift; path = Parsed.swift; sourceTree = "<group>"; };
		OBJ_47 /* ParsedValues.swift */ = {isa = PBXFileReference; lastKnownFileType = sourcecode.swift; path = ParsedValues.swift; sourceTree = "<group>"; };
		OBJ_48 /* ParserError.swift */ = {isa = PBXFileReference; lastKnownFileType = sourcecode.swift; path = ParserError.swift; sourceTree = "<group>"; };
		OBJ_49 /* SplitArguments.swift */ = {isa = PBXFileReference; lastKnownFileType = sourcecode.swift; path = SplitArguments.swift; sourceTree = "<group>"; };
		OBJ_51 /* DumpHelpGenerator.swift */ = {isa = PBXFileReference; lastKnownFileType = sourcecode.swift; path = DumpHelpGenerator.swift; sourceTree = "<group>"; };
		OBJ_52 /* HelpCommand.swift */ = {isa = PBXFileReference; lastKnownFileType = sourcecode.swift; path = HelpCommand.swift; sourceTree = "<group>"; };
		OBJ_53 /* HelpGenerator.swift */ = {isa = PBXFileReference; lastKnownFileType = sourcecode.swift; path = HelpGenerator.swift; sourceTree = "<group>"; };
		OBJ_54 /* MessageInfo.swift */ = {isa = PBXFileReference; lastKnownFileType = sourcecode.swift; path = MessageInfo.swift; sourceTree = "<group>"; };
		OBJ_55 /* UsageGenerator.swift */ = {isa = PBXFileReference; lastKnownFileType = sourcecode.swift; path = UsageGenerator.swift; sourceTree = "<group>"; };
		OBJ_57 /* CollectionExtensions.swift */ = {isa = PBXFileReference; lastKnownFileType = sourcecode.swift; path = CollectionExtensions.swift; sourceTree = "<group>"; };
		OBJ_58 /* SequenceExtensions.swift */ = {isa = PBXFileReference; lastKnownFileType = sourcecode.swift; path = SequenceExtensions.swift; sourceTree = "<group>"; };
		OBJ_59 /* StringExtensions.swift */ = {isa = PBXFileReference; lastKnownFileType = sourcecode.swift; path = StringExtensions.swift; sourceTree = "<group>"; };
		OBJ_6 /* Package.swift */ = {isa = PBXFileReference; explicitFileType = sourcecode.swift; path = Package.swift; sourceTree = "<group>"; };
		OBJ_60 /* Tree.swift */ = {isa = PBXFileReference; lastKnownFileType = sourcecode.swift; path = Tree.swift; sourceTree = "<group>"; };
		OBJ_62 /* ToolInfo.swift */ = {isa = PBXFileReference; lastKnownFileType = sourcecode.swift; path = ToolInfo.swift; sourceTree = "<group>"; };
		OBJ_63 /* Package.swift */ = {isa = PBXFileReference; explicitFileType = sourcecode.swift; name = Package.swift; path = "/Users/AXBAXXAAXX/Documents/decagon/TodoApp-CLI/.build/checkouts/swift-argument-parser/Package.swift"; sourceTree = "<group>"; };
		OBJ_69 /* README.md */ = {isa = PBXFileReference; lastKnownFileType = net.daringfireball.markdown; path = README.md; sourceTree = "<group>"; };
		OBJ_9 /* main.swift */ = {isa = PBXFileReference; lastKnownFileType = sourcecode.swift; path = main.swift; sourceTree = "<group>"; };
		"swift-argument-parser::ArgumentParser::Product" /* ArgumentParser.framework */ = {isa = PBXFileReference; explicitFileType = wrapper.framework; path = ArgumentParser.framework; sourceTree = BUILT_PRODUCTS_DIR; };
		"swift-argument-parser::ArgumentParserToolInfo::Product" /* ArgumentParserToolInfo.framework */ = {isa = PBXFileReference; lastKnownFileType = wrapper.framework; path = ArgumentParserToolInfo.framework; sourceTree = BUILT_PRODUCTS_DIR; };
		"todoapp-cli::TodoApp-CLI::Product" /* TodoApp-CLI */ = {isa = PBXFileReference; lastKnownFileType = text; path = "TodoApp-CLI"; sourceTree = BUILT_PRODUCTS_DIR; };
		"todoapp-cli::TodoApp-CLITests::Product" /* TodoApp_CLITests.xctest */ = {isa = PBXFileReference; lastKnownFileType = file; name = TodoApp_CLITests.xctest; path = "TodoApp-CLITests.xctest"; sourceTree = BUILT_PRODUCTS_DIR; };
/* End PBXFileReference section */

/* Begin PBXFrameworksBuildPhase section */
		OBJ_114 /* Frameworks */ = {
			isa = PBXFrameworksBuildPhase;
			buildActionMask = 0;
			files = (
				OBJ_115 /* ArgumentParserToolInfo.framework in Frameworks */,
			);
			runOnlyForDeploymentPostprocessing = 0;
		};
		OBJ_123 /* Frameworks */ = {
			isa = PBXFrameworksBuildPhase;
			buildActionMask = 0;
			files = (
			);
			runOnlyForDeploymentPostprocessing = 0;
		};
		OBJ_130 /* Frameworks */ = {
			isa = PBXFrameworksBuildPhase;
			buildActionMask = 0;
			files = (
				OBJ_131 /* ArgumentParser.framework in Frameworks */,
				OBJ_132 /* ArgumentParserToolInfo.framework in Frameworks */,
			);
			runOnlyForDeploymentPostprocessing = 0;
		};
		OBJ_152 /* Frameworks */ = {
			isa = PBXFrameworksBuildPhase;
			buildActionMask = 0;
			files = (
				OBJ_153 /* ArgumentParser.framework in Frameworks */,
				OBJ_154 /* ArgumentParserToolInfo.framework in Frameworks */,
			);
			runOnlyForDeploymentPostprocessing = 0;
		};
/* End PBXFrameworksBuildPhase section */

/* Begin PBXGroup section */
		4C53049F2837D913006AF10F /* CLI-Commands */ = {
			isa = PBXGroup;
			children = (
				4C5304A02837D9A3006AF10F /* DeleteTaskCommand.swift */,
				4C5304A32837DA63006AF10F /* CompleteCommand.swift */,
				4C5304A52837DA8F006AF10F /* ListTasksCommand.swift */,
				4C5304A72837DABE006AF10F /* AddTaskCommand.swift */,
			);
			path = "CLI-Commands";
			sourceTree = "<group>";
		};
		4C5304A92837DAFE006AF10F /* TodoAppEngine */ = {
			isa = PBXGroup;
			children = (
				4C5304B42837DC80006AF10F /* Helpers */,
				4C5304B12837DC30006AF10F /* Entities */,
				4C5304AC2837DB9E006AF10F /* Persistence Manager */,
				4C53049F2837D913006AF10F /* CLI-Commands */,
				4C5304AA2837DB3C006AF10F /* TodoAppEngine.swift */,
			);
			path = TodoAppEngine;
			sourceTree = "<group>";
		};
		4C5304AC2837DB9E006AF10F /* Persistence Manager */ = {
			isa = PBXGroup;
			children = (
				4C5304AD2837DBF1006AF10F /* IPersistenceManager.swift */,
				4C5304AF2837DC0B006AF10F /* PersistenceManagerImpl.swift */,
			);
			path = "Persistence Manager";
			sourceTree = "<group>";
		};
		4C5304B12837DC30006AF10F /* Entities */ = {
			isa = PBXGroup;
			children = (
				4C5304B22837DC47006AF10F /* Task.swift */,
			);
			path = Entities;
			sourceTree = "<group>";
		};
		4C5304B42837DC80006AF10F /* Helpers */ = {
			isa = PBXGroup;
			children = (
				4C5304B52837DC92006AF10F /* Extensions.swift */,
			);
			path = Helpers;
			sourceTree = "<group>";
		};
		OBJ_10 /* Tests */ = {
			isa = PBXGroup;
			children = (
				OBJ_11 /* TodoApp-CLITests */,
			);
			name = Tests;
			sourceTree = SOURCE_ROOT;
		};
		OBJ_11 /* TodoApp-CLITests */ = {
			isa = PBXGroup;
			children = (
				OBJ_12 /* TodoApp_CLITests.swift */,
			);
			name = "TodoApp-CLITests";
			path = "Tests/TodoApp-CLITests";
			sourceTree = SOURCE_ROOT;
		};
		OBJ_13 /* Dependencies */ = {
			isa = PBXGroup;
			children = (
				OBJ_14 /* swift-argument-parser 1.1.2 */,
			);
			name = Dependencies;
			sourceTree = "<group>";
		};
		OBJ_14 /* swift-argument-parser 1.1.2 */ = {
			isa = PBXGroup;
			children = (
				OBJ_15 /* ArgumentParser */,
				OBJ_61 /* ArgumentParserToolInfo */,
				OBJ_63 /* Package.swift */,
			);
			name = "swift-argument-parser 1.1.2";
			sourceTree = SOURCE_ROOT;
		};
		OBJ_15 /* ArgumentParser */ = {
			isa = PBXGroup;
			children = (
				OBJ_16 /* Completions */,
				OBJ_21 /* Parsable Properties */,
				OBJ_31 /* Parsable Types */,
				OBJ_39 /* Parsing */,
				OBJ_50 /* Usage */,
				OBJ_56 /* Utilities */,
			);
			name = ArgumentParser;
			path = ".build/checkouts/swift-argument-parser/Sources/ArgumentParser";
			sourceTree = SOURCE_ROOT;
		};
		OBJ_16 /* Completions */ = {
			isa = PBXGroup;
			children = (
				OBJ_17 /* BashCompletionsGenerator.swift */,
				OBJ_18 /* CompletionsGenerator.swift */,
				OBJ_19 /* FishCompletionsGenerator.swift */,
				OBJ_20 /* ZshCompletionsGenerator.swift */,
			);
			path = Completions;
			sourceTree = "<group>";
		};
		OBJ_21 /* Parsable Properties */ = {
			isa = PBXGroup;
			children = (
				OBJ_22 /* Argument.swift */,
				OBJ_23 /* ArgumentHelp.swift */,
				OBJ_24 /* ArgumentVisibility.swift */,
				OBJ_25 /* CompletionKind.swift */,
				OBJ_26 /* Errors.swift */,
				OBJ_27 /* Flag.swift */,
				OBJ_28 /* NameSpecification.swift */,
				OBJ_29 /* Option.swift */,
				OBJ_30 /* OptionGroup.swift */,
			);
			path = "Parsable Properties";
			sourceTree = "<group>";
		};
		OBJ_31 /* Parsable Types */ = {
			isa = PBXGroup;
			children = (
				OBJ_32 /* AsyncParsableCommand.swift */,
				OBJ_33 /* CommandConfiguration.swift */,
				OBJ_34 /* EnumerableFlag.swift */,
				OBJ_35 /* ExpressibleByArgument.swift */,
				OBJ_36 /* ParsableArguments.swift */,
				OBJ_37 /* ParsableArgumentsValidation.swift */,
				OBJ_38 /* ParsableCommand.swift */,
			);
			path = "Parsable Types";
			sourceTree = "<group>";
		};
		OBJ_39 /* Parsing */ = {
			isa = PBXGroup;
			children = (
				OBJ_40 /* ArgumentDecoder.swift */,
				OBJ_41 /* ArgumentDefinition.swift */,
				OBJ_42 /* ArgumentSet.swift */,
				OBJ_43 /* CommandParser.swift */,
				OBJ_44 /* InputOrigin.swift */,
				OBJ_45 /* Name.swift */,
				OBJ_46 /* Parsed.swift */,
				OBJ_47 /* ParsedValues.swift */,
				OBJ_48 /* ParserError.swift */,
				OBJ_49 /* SplitArguments.swift */,
			);
			path = Parsing;
			sourceTree = "<group>";
		};
		OBJ_5 /*  */ = {
			isa = PBXGroup;
			children = (
				OBJ_6 /* Package.swift */,
				OBJ_7 /* Sources */,
				OBJ_10 /* Tests */,
				OBJ_13 /* Dependencies */,
				OBJ_64 /* Products */,
				OBJ_69 /* README.md */,
			);
			name = "";
			sourceTree = "<group>";
		};
		OBJ_50 /* Usage */ = {
			isa = PBXGroup;
			children = (
				OBJ_51 /* DumpHelpGenerator.swift */,
				OBJ_52 /* HelpCommand.swift */,
				OBJ_53 /* HelpGenerator.swift */,
				OBJ_54 /* MessageInfo.swift */,
				OBJ_55 /* UsageGenerator.swift */,
			);
			path = Usage;
			sourceTree = "<group>";
		};
		OBJ_56 /* Utilities */ = {
			isa = PBXGroup;
			children = (
				OBJ_57 /* CollectionExtensions.swift */,
				OBJ_58 /* SequenceExtensions.swift */,
				OBJ_59 /* StringExtensions.swift */,
				OBJ_60 /* Tree.swift */,
			);
			path = Utilities;
			sourceTree = "<group>";
		};
		OBJ_61 /* ArgumentParserToolInfo */ = {
			isa = PBXGroup;
			children = (
				OBJ_62 /* ToolInfo.swift */,
			);
			name = ArgumentParserToolInfo;
			path = ".build/checkouts/swift-argument-parser/Sources/ArgumentParserToolInfo";
			sourceTree = SOURCE_ROOT;
		};
		OBJ_64 /* Products */ = {
			isa = PBXGroup;
			children = (
				"swift-argument-parser::ArgumentParser::Product" /* ArgumentParser.framework */,
				"swift-argument-parser::ArgumentParserToolInfo::Product" /* ArgumentParserToolInfo.framework */,
				"todoapp-cli::TodoApp-CLI::Product" /* TodoApp-CLI */,
				"todoapp-cli::TodoApp-CLITests::Product" /* TodoApp_CLITests.xctest */,
			);
			name = Products;
			sourceTree = BUILT_PRODUCTS_DIR;
		};
		OBJ_7 /* Sources */ = {
			isa = PBXGroup;
			children = (
				OBJ_8 /* TodoApp-CLI */,
			);
			name = Sources;
			sourceTree = SOURCE_ROOT;
		};
		OBJ_8 /* TodoApp-CLI */ = {
			isa = PBXGroup;
			children = (
				4C5304A92837DAFE006AF10F /* TodoAppEngine */,
				OBJ_9 /* main.swift */,
			);
			name = "TodoApp-CLI";
			path = "Sources/TodoApp-CLI";
			sourceTree = SOURCE_ROOT;
		};
/* End PBXGroup section */

/* Begin PBXNativeTarget section */
		"swift-argument-parser::ArgumentParser" /* ArgumentParser */ = {
			isa = PBXNativeTarget;
			buildConfigurationList = OBJ_71 /* Build configuration list for PBXNativeTarget "ArgumentParser" */;
			buildPhases = (
				OBJ_74 /* Sources */,
				OBJ_114 /* Frameworks */,
			);
			buildRules = (
			);
			dependencies = (
				OBJ_116 /* PBXTargetDependency */,
			);
			name = ArgumentParser;
			productName = ArgumentParser;
			productReference = "swift-argument-parser::ArgumentParser::Product" /* ArgumentParser.framework */;
			productType = "com.apple.product-type.framework";
		};
		"swift-argument-parser::ArgumentParserToolInfo" /* ArgumentParserToolInfo */ = {
			isa = PBXNativeTarget;
			buildConfigurationList = OBJ_118 /* Build configuration list for PBXNativeTarget "ArgumentParserToolInfo" */;
			buildPhases = (
				OBJ_121 /* Sources */,
				OBJ_123 /* Frameworks */,
			);
			buildRules = (
			);
			dependencies = (
			);
			name = ArgumentParserToolInfo;
			productName = ArgumentParserToolInfo;
			productReference = "swift-argument-parser::ArgumentParserToolInfo::Product" /* ArgumentParserToolInfo.framework */;
			productType = "com.apple.product-type.framework";
		};
		"swift-argument-parser::SwiftPMPackageDescription" /* swift-argument-parserPackageDescription */ = {
			isa = PBXNativeTarget;
			buildConfigurationList = OBJ_159 /* Build configuration list for PBXNativeTarget "swift-argument-parserPackageDescription" */;
			buildPhases = (
				OBJ_162 /* Sources */,
			);
			buildRules = (
			);
			dependencies = (
			);
			name = "swift-argument-parserPackageDescription";
			productName = "swift-argument-parserPackageDescription";
			productType = "com.apple.product-type.framework";
		};
		"todoapp-cli::SwiftPMPackageDescription" /* TodoApp-CLIPackageDescription */ = {
			isa = PBXNativeTarget;
			buildConfigurationList = OBJ_136 /* Build configuration list for PBXNativeTarget "TodoApp-CLIPackageDescription" */;
			buildPhases = (
				OBJ_139 /* Sources */,
			);
			buildRules = (
			);
			dependencies = (
			);
			name = "TodoApp-CLIPackageDescription";
			productName = "TodoApp-CLIPackageDescription";
			productType = "com.apple.product-type.framework";
		};
		"todoapp-cli::TodoApp-CLI" /* TodoApp-CLI */ = {
			isa = PBXNativeTarget;
			buildConfigurationList = OBJ_125 /* Build configuration list for PBXNativeTarget "TodoApp-CLI" */;
			buildPhases = (
				OBJ_128 /* Sources */,
				OBJ_130 /* Frameworks */,
			);
			buildRules = (
			);
			dependencies = (
				OBJ_133 /* PBXTargetDependency */,
				OBJ_134 /* PBXTargetDependency */,
			);
			name = "TodoApp-CLI";
			productName = TodoApp_CLI;
			productReference = "todoapp-cli::TodoApp-CLI::Product" /* TodoApp-CLI */;
			productType = "com.apple.product-type.tool";
		};
		"todoapp-cli::TodoApp-CLITests" /* TodoApp-CLITests */ = {
			isa = PBXNativeTarget;
			buildConfigurationList = OBJ_147 /* Build configuration list for PBXNativeTarget "TodoApp-CLITests" */;
			buildPhases = (
				OBJ_150 /* Sources */,
				OBJ_152 /* Frameworks */,
			);
			buildRules = (
			);
			dependencies = (
				OBJ_155 /* PBXTargetDependency */,
				OBJ_156 /* PBXTargetDependency */,
				OBJ_157 /* PBXTargetDependency */,
			);
			name = "TodoApp-CLITests";
			productName = TodoApp_CLITests;
			productReference = "todoapp-cli::TodoApp-CLITests::Product" /* TodoApp_CLITests.xctest */;
			productType = "com.apple.product-type.bundle.unit-test";
		};
/* End PBXNativeTarget section */

/* Begin PBXProject section */
		OBJ_1 /* Project object */ = {
			isa = PBXProject;
			attributes = {
				LastSwiftMigration = 9999;
				LastUpgradeCheck = 9999;
				TargetAttributes = {
					"swift-argument-parser::ArgumentParser" = {
						DevelopmentTeam = AX445M92R3;
					};
				};
			};
			buildConfigurationList = OBJ_2 /* Build configuration list for PBXProject "TodoApp-CLI" */;
			compatibilityVersion = "Xcode 3.2";
			developmentRegion = en;
			hasScannedForEncodings = 0;
			knownRegions = (
				en,
			);
			mainGroup = OBJ_5 /*  */;
			productRefGroup = OBJ_64 /* Products */;
			projectDirPath = "";
			projectRoot = "";
			targets = (
				"swift-argument-parser::ArgumentParser" /* ArgumentParser */,
				"swift-argument-parser::ArgumentParserToolInfo" /* ArgumentParserToolInfo */,
				"todoapp-cli::TodoApp-CLI" /* TodoApp-CLI */,
				"todoapp-cli::SwiftPMPackageDescription" /* TodoApp-CLIPackageDescription */,
				"todoapp-cli::TodoApp-CLIPackageTests::ProductTarget" /* TodoApp-CLIPackageTests */,
				"todoapp-cli::TodoApp-CLITests" /* TodoApp-CLITests */,
				"swift-argument-parser::SwiftPMPackageDescription" /* swift-argument-parserPackageDescription */,
			);
		};
/* End PBXProject section */

/* Begin PBXSourcesBuildPhase section */
		OBJ_121 /* Sources */ = {
			isa = PBXSourcesBuildPhase;
			buildActionMask = 0;
			files = (
				OBJ_122 /* ToolInfo.swift in Sources */,
			);
			runOnlyForDeploymentPostprocessing = 0;
		};
		OBJ_128 /* Sources */ = {
			isa = PBXSourcesBuildPhase;
			buildActionMask = 0;
			files = (
				4C5304A82837DABE006AF10F /* AddTaskCommand.swift in Sources */,
				4C5304B02837DC0B006AF10F /* PersistenceManagerImpl.swift in Sources */,
				4C5304AB2837DB3C006AF10F /* TodoAppEngine.swift in Sources */,
				OBJ_129 /* main.swift in Sources */,
				4C5304A42837DA63006AF10F /* CompleteCommand.swift in Sources */,
				4C5304B62837DC92006AF10F /* Extensions.swift in Sources */,
				4C5304AE2837DBF1006AF10F /* IPersistenceManager.swift in Sources */,
				4C5304A62837DA8F006AF10F /* ListTasksCommand.swift in Sources */,
				4C5304B32837DC47006AF10F /* Task.swift in Sources */,
				4C5304A22837DA48006AF10F /* DeleteTaskCommand.swift in Sources */,
			);
			runOnlyForDeploymentPostprocessing = 0;
		};
		OBJ_139 /* Sources */ = {
			isa = PBXSourcesBuildPhase;
			buildActionMask = 0;
			files = (
				OBJ_140 /* Package.swift in Sources */,
			);
			runOnlyForDeploymentPostprocessing = 0;
		};
		OBJ_150 /* Sources */ = {
			isa = PBXSourcesBuildPhase;
			buildActionMask = 0;
			files = (
				OBJ_151 /* TodoApp_CLITests.swift in Sources */,
			);
			runOnlyForDeploymentPostprocessing = 0;
		};
		OBJ_162 /* Sources */ = {
			isa = PBXSourcesBuildPhase;
			buildActionMask = 0;
			files = (
				OBJ_163 /* Package.swift in Sources */,
			);
			runOnlyForDeploymentPostprocessing = 0;
		};
		OBJ_74 /* Sources */ = {
			isa = PBXSourcesBuildPhase;
			buildActionMask = 0;
			files = (
				OBJ_75 /* BashCompletionsGenerator.swift in Sources */,
				OBJ_76 /* CompletionsGenerator.swift in Sources */,
				OBJ_77 /* FishCompletionsGenerator.swift in Sources */,
				OBJ_78 /* ZshCompletionsGenerator.swift in Sources */,
				OBJ_79 /* Argument.swift in Sources */,
				OBJ_80 /* ArgumentHelp.swift in Sources */,
				OBJ_81 /* ArgumentVisibility.swift in Sources */,
				OBJ_82 /* CompletionKind.swift in Sources */,
				OBJ_83 /* Errors.swift in Sources */,
				OBJ_84 /* Flag.swift in Sources */,
				OBJ_85 /* NameSpecification.swift in Sources */,
				OBJ_86 /* Option.swift in Sources */,
				OBJ_87 /* OptionGroup.swift in Sources */,
				OBJ_88 /* AsyncParsableCommand.swift in Sources */,
				OBJ_89 /* CommandConfiguration.swift in Sources */,
				OBJ_90 /* EnumerableFlag.swift in Sources */,
				OBJ_91 /* ExpressibleByArgument.swift in Sources */,
				OBJ_92 /* ParsableArguments.swift in Sources */,
				OBJ_93 /* ParsableArgumentsValidation.swift in Sources */,
				OBJ_94 /* ParsableCommand.swift in Sources */,
				OBJ_95 /* ArgumentDecoder.swift in Sources */,
				OBJ_96 /* ArgumentDefinition.swift in Sources */,
				OBJ_97 /* ArgumentSet.swift in Sources */,
				OBJ_98 /* CommandParser.swift in Sources */,
				OBJ_99 /* InputOrigin.swift in Sources */,
				OBJ_100 /* Name.swift in Sources */,
				OBJ_101 /* Parsed.swift in Sources */,
				OBJ_102 /* ParsedValues.swift in Sources */,
				OBJ_103 /* ParserError.swift in Sources */,
				OBJ_104 /* SplitArguments.swift in Sources */,
				OBJ_105 /* DumpHelpGenerator.swift in Sources */,
				OBJ_106 /* HelpCommand.swift in Sources */,
				OBJ_107 /* HelpGenerator.swift in Sources */,
				OBJ_108 /* MessageInfo.swift in Sources */,
				OBJ_109 /* UsageGenerator.swift in Sources */,
				OBJ_110 /* CollectionExtensions.swift in Sources */,
				OBJ_111 /* SequenceExtensions.swift in Sources */,
				OBJ_112 /* StringExtensions.swift in Sources */,
				OBJ_113 /* Tree.swift in Sources */,
			);
			runOnlyForDeploymentPostprocessing = 0;
		};
/* End PBXSourcesBuildPhase section */

/* Begin PBXTargetDependency section */
		OBJ_116 /* PBXTargetDependency */ = {
			isa = PBXTargetDependency;
			target = "swift-argument-parser::ArgumentParserToolInfo" /* ArgumentParserToolInfo */;
			targetProxy = 4C5304992837B636006AF10F /* PBXContainerItemProxy */;
		};
		OBJ_133 /* PBXTargetDependency */ = {
			isa = PBXTargetDependency;
			target = "swift-argument-parser::ArgumentParser" /* ArgumentParser */;
			targetProxy = 4C5304982837B636006AF10F /* PBXContainerItemProxy */;
		};
		OBJ_134 /* PBXTargetDependency */ = {
			isa = PBXTargetDependency;
			target = "swift-argument-parser::ArgumentParserToolInfo" /* ArgumentParserToolInfo */;
			targetProxy = 4C53049A2837B636006AF10F /* PBXContainerItemProxy */;
		};
		OBJ_145 /* PBXTargetDependency */ = {
			isa = PBXTargetDependency;
			target = "todoapp-cli::TodoApp-CLITests" /* TodoApp-CLITests */;
			targetProxy = 4C53049E2837B637006AF10F /* PBXContainerItemProxy */;
		};
		OBJ_155 /* PBXTargetDependency */ = {
			isa = PBXTargetDependency;
			target = "todoapp-cli::TodoApp-CLI" /* TodoApp-CLI */;
			targetProxy = 4C53049B2837B637006AF10F /* PBXContainerItemProxy */;
		};
		OBJ_156 /* PBXTargetDependency */ = {
			isa = PBXTargetDependency;
			target = "swift-argument-parser::ArgumentParser" /* ArgumentParser */;
			targetProxy = 4C53049C2837B637006AF10F /* PBXContainerItemProxy */;
		};
		OBJ_157 /* PBXTargetDependency */ = {
			isa = PBXTargetDependency;
			target = "swift-argument-parser::ArgumentParserToolInfo" /* ArgumentParserToolInfo */;
			targetProxy = 4C53049D2837B637006AF10F /* PBXContainerItemProxy */;
		};
/* End PBXTargetDependency section */

/* Begin XCBuildConfiguration section */
		OBJ_119 /* Debug */ = {
			isa = XCBuildConfiguration;
			buildSettings = {
				CURRENT_PROJECT_VERSION = 1;
				DRIVERKIT_DEPLOYMENT_TARGET = 19.0;
				ENABLE_TESTABILITY = YES;
				FRAMEWORK_SEARCH_PATHS = (
					"$(inherited)",
					"$(PLATFORM_DIR)/Developer/Library/Frameworks",
				);
				HEADER_SEARCH_PATHS = "$(inherited)";
				INFOPLIST_FILE = "TodoApp-CLI.xcodeproj/ArgumentParserToolInfo_Info.plist";
				IPHONEOS_DEPLOYMENT_TARGET = 9.0;
				LD_RUNPATH_SEARCH_PATHS = "$(inherited) $(TOOLCHAIN_DIR)/usr/lib/swift/macosx";
				MACOSX_DEPLOYMENT_TARGET = 10.10;
				OTHER_CFLAGS = "$(inherited)";
				OTHER_LDFLAGS = "$(inherited)";
				OTHER_SWIFT_FLAGS = "$(inherited)";
				PRODUCT_BUNDLE_IDENTIFIER = ArgumentParserToolInfo;
				PRODUCT_MODULE_NAME = "$(TARGET_NAME:c99extidentifier)";
				PRODUCT_NAME = "$(TARGET_NAME:c99extidentifier)";
				SKIP_INSTALL = YES;
				SWIFT_ACTIVE_COMPILATION_CONDITIONS = "$(inherited)";
				SWIFT_VERSION = 5.0;
				TARGET_NAME = ArgumentParserToolInfo;
				TVOS_DEPLOYMENT_TARGET = 9.0;
				WATCHOS_DEPLOYMENT_TARGET = 2.0;
			};
			name = Debug;
		};
		OBJ_120 /* Release */ = {
			isa = XCBuildConfiguration;
			buildSettings = {
				CURRENT_PROJECT_VERSION = 1;
				DRIVERKIT_DEPLOYMENT_TARGET = 19.0;
				ENABLE_TESTABILITY = YES;
				FRAMEWORK_SEARCH_PATHS = (
					"$(inherited)",
					"$(PLATFORM_DIR)/Developer/Library/Frameworks",
				);
				HEADER_SEARCH_PATHS = "$(inherited)";
				INFOPLIST_FILE = "TodoApp-CLI.xcodeproj/ArgumentParserToolInfo_Info.plist";
				IPHONEOS_DEPLOYMENT_TARGET = 9.0;
				LD_RUNPATH_SEARCH_PATHS = "$(inherited) $(TOOLCHAIN_DIR)/usr/lib/swift/macosx";
				MACOSX_DEPLOYMENT_TARGET = 10.10;
				OTHER_CFLAGS = "$(inherited)";
				OTHER_LDFLAGS = "$(inherited)";
				OTHER_SWIFT_FLAGS = "$(inherited)";
				PRODUCT_BUNDLE_IDENTIFIER = ArgumentParserToolInfo;
				PRODUCT_MODULE_NAME = "$(TARGET_NAME:c99extidentifier)";
				PRODUCT_NAME = "$(TARGET_NAME:c99extidentifier)";
				SKIP_INSTALL = YES;
				SWIFT_ACTIVE_COMPILATION_CONDITIONS = "$(inherited)";
				SWIFT_VERSION = 5.0;
				TARGET_NAME = ArgumentParserToolInfo;
				TVOS_DEPLOYMENT_TARGET = 9.0;
				WATCHOS_DEPLOYMENT_TARGET = 2.0;
			};
			name = Release;
		};
		OBJ_126 /* Debug */ = {
			isa = XCBuildConfiguration;
			buildSettings = {
				CURRENT_PROJECT_VERSION = 1;
				DRIVERKIT_DEPLOYMENT_TARGET = 19.0;
				FRAMEWORK_SEARCH_PATHS = (
					"$(inherited)",
					"$(PLATFORM_DIR)/Developer/Library/Frameworks",
				);
				HEADER_SEARCH_PATHS = "$(inherited)";
				INFOPLIST_FILE = "TodoApp-CLI.xcodeproj/TodoApp_CLI_Info.plist";
				IPHONEOS_DEPLOYMENT_TARGET = 9.0;
				LD_RUNPATH_SEARCH_PATHS = "$(inherited) $(TOOLCHAIN_DIR)/usr/lib/swift/macosx @executable_path";
				MACOSX_DEPLOYMENT_TARGET = 10.10;
				OTHER_CFLAGS = "$(inherited)";
				OTHER_LDFLAGS = "$(inherited)";
				OTHER_SWIFT_FLAGS = "$(inherited)";
				SWIFT_ACTIVE_COMPILATION_CONDITIONS = "$(inherited)";
				SWIFT_FORCE_DYNAMIC_LINK_STDLIB = YES;
				SWIFT_FORCE_STATIC_LINK_STDLIB = NO;
				SWIFT_VERSION = 5.0;
				TARGET_NAME = "TodoApp-CLI";
				TVOS_DEPLOYMENT_TARGET = 9.0;
				WATCHOS_DEPLOYMENT_TARGET = 2.0;
			};
			name = Debug;
		};
		OBJ_127 /* Release */ = {
			isa = XCBuildConfiguration;
			buildSettings = {
				CURRENT_PROJECT_VERSION = 1;
				DRIVERKIT_DEPLOYMENT_TARGET = 19.0;
				FRAMEWORK_SEARCH_PATHS = (
					"$(inherited)",
					"$(PLATFORM_DIR)/Developer/Library/Frameworks",
				);
				HEADER_SEARCH_PATHS = "$(inherited)";
				INFOPLIST_FILE = "TodoApp-CLI.xcodeproj/TodoApp_CLI_Info.plist";
				IPHONEOS_DEPLOYMENT_TARGET = 9.0;
				LD_RUNPATH_SEARCH_PATHS = "$(inherited) $(TOOLCHAIN_DIR)/usr/lib/swift/macosx @executable_path";
				MACOSX_DEPLOYMENT_TARGET = 10.10;
				OTHER_CFLAGS = "$(inherited)";
				OTHER_LDFLAGS = "$(inherited)";
				OTHER_SWIFT_FLAGS = "$(inherited)";
				SWIFT_ACTIVE_COMPILATION_CONDITIONS = "$(inherited)";
				SWIFT_FORCE_DYNAMIC_LINK_STDLIB = YES;
				SWIFT_FORCE_STATIC_LINK_STDLIB = NO;
				SWIFT_VERSION = 5.0;
				TARGET_NAME = "TodoApp-CLI";
				TVOS_DEPLOYMENT_TARGET = 9.0;
				WATCHOS_DEPLOYMENT_TARGET = 2.0;
			};
			name = Release;
		};
		OBJ_137 /* Debug */ = {
			isa = XCBuildConfiguration;
			buildSettings = {
				LD = /usr/bin/true;
				OTHER_SWIFT_FLAGS = "-swift-version 5 -I $(TOOLCHAIN_DIR)/usr/lib/swift/pm/ManifestAPI -sdk /Applications/Xcode.app/Contents/Developer/Platforms/MacOSX.platform/Developer/SDKs/MacOSX12.3.sdk -package-description-version 5.6.0";
				SWIFT_VERSION = 5.0;
			};
			name = Debug;
		};
		OBJ_138 /* Release */ = {
			isa = XCBuildConfiguration;
			buildSettings = {
				LD = /usr/bin/true;
				OTHER_SWIFT_FLAGS = "-swift-version 5 -I $(TOOLCHAIN_DIR)/usr/lib/swift/pm/ManifestAPI -sdk /Applications/Xcode.app/Contents/Developer/Platforms/MacOSX.platform/Developer/SDKs/MacOSX12.3.sdk -package-description-version 5.6.0";
				SWIFT_VERSION = 5.0;
			};
			name = Release;
		};
		OBJ_143 /* Debug */ = {
			isa = XCBuildConfiguration;
			buildSettings = {
			};
			name = Debug;
		};
		OBJ_144 /* Release */ = {
			isa = XCBuildConfiguration;
			buildSettings = {
			};
			name = Release;
		};
		OBJ_148 /* Debug */ = {
			isa = XCBuildConfiguration;
			buildSettings = {
				CLANG_ENABLE_MODULES = YES;
				CURRENT_PROJECT_VERSION = 1;
				DRIVERKIT_DEPLOYMENT_TARGET = 19.0;
				EMBEDDED_CONTENT_CONTAINS_SWIFT = YES;
				FRAMEWORK_SEARCH_PATHS = (
					"$(inherited)",
					"$(PLATFORM_DIR)/Developer/Library/Frameworks",
				);
				HEADER_SEARCH_PATHS = "$(inherited)";
				INFOPLIST_FILE = "TodoApp-CLI.xcodeproj/TodoApp_CLITests_Info.plist";
				IPHONEOS_DEPLOYMENT_TARGET = 14.0;
				LD_RUNPATH_SEARCH_PATHS = "$(inherited) @loader_path/../Frameworks @loader_path/Frameworks";
				MACOSX_DEPLOYMENT_TARGET = 11.0;
				OTHER_CFLAGS = "$(inherited)";
				OTHER_LDFLAGS = "$(inherited)";
				OTHER_SWIFT_FLAGS = "$(inherited)";
				SWIFT_ACTIVE_COMPILATION_CONDITIONS = "$(inherited)";
				SWIFT_VERSION = 5.0;
				TARGET_NAME = "TodoApp-CLITests";
				TVOS_DEPLOYMENT_TARGET = 14.0;
				WATCHOS_DEPLOYMENT_TARGET = 7.0;
			};
			name = Debug;
		};
		OBJ_149 /* Release */ = {
			isa = XCBuildConfiguration;
			buildSettings = {
				CLANG_ENABLE_MODULES = YES;
				CURRENT_PROJECT_VERSION = 1;
				DRIVERKIT_DEPLOYMENT_TARGET = 19.0;
				EMBEDDED_CONTENT_CONTAINS_SWIFT = YES;
				FRAMEWORK_SEARCH_PATHS = (
					"$(inherited)",
					"$(PLATFORM_DIR)/Developer/Library/Frameworks",
				);
				HEADER_SEARCH_PATHS = "$(inherited)";
				INFOPLIST_FILE = "TodoApp-CLI.xcodeproj/TodoApp_CLITests_Info.plist";
				IPHONEOS_DEPLOYMENT_TARGET = 14.0;
				LD_RUNPATH_SEARCH_PATHS = "$(inherited) @loader_path/../Frameworks @loader_path/Frameworks";
				MACOSX_DEPLOYMENT_TARGET = 11.0;
				OTHER_CFLAGS = "$(inherited)";
				OTHER_LDFLAGS = "$(inherited)";
				OTHER_SWIFT_FLAGS = "$(inherited)";
				SWIFT_ACTIVE_COMPILATION_CONDITIONS = "$(inherited)";
				SWIFT_VERSION = 5.0;
				TARGET_NAME = "TodoApp-CLITests";
				TVOS_DEPLOYMENT_TARGET = 14.0;
				WATCHOS_DEPLOYMENT_TARGET = 7.0;
			};
			name = Release;
		};
		OBJ_160 /* Debug */ = {
			isa = XCBuildConfiguration;
			buildSettings = {
				LD = /usr/bin/true;
				OTHER_SWIFT_FLAGS = "-swift-version 5 -I $(TOOLCHAIN_DIR)/usr/lib/swift/pm/ManifestAPI -sdk /Applications/Xcode.app/Contents/Developer/Platforms/MacOSX.platform/Developer/SDKs/MacOSX12.3.sdk -package-description-version 5.5.0";
				SWIFT_VERSION = 5.0;
			};
			name = Debug;
		};
		OBJ_161 /* Release */ = {
			isa = XCBuildConfiguration;
			buildSettings = {
				LD = /usr/bin/true;
				OTHER_SWIFT_FLAGS = "-swift-version 5 -I $(TOOLCHAIN_DIR)/usr/lib/swift/pm/ManifestAPI -sdk /Applications/Xcode.app/Contents/Developer/Platforms/MacOSX.platform/Developer/SDKs/MacOSX12.3.sdk -package-description-version 5.5.0";
				SWIFT_VERSION = 5.0;
			};
			name = Release;
		};
		OBJ_3 /* Debug */ = {
			isa = XCBuildConfiguration;
			buildSettings = {
				CLANG_ENABLE_OBJC_ARC = YES;
				COMBINE_HIDPI_IMAGES = YES;
				COPY_PHASE_STRIP = NO;
				DEBUG_INFORMATION_FORMAT = dwarf;
				DYLIB_INSTALL_NAME_BASE = "@rpath";
				ENABLE_NS_ASSERTIONS = YES;
				GCC_OPTIMIZATION_LEVEL = 0;
				GCC_PREPROCESSOR_DEFINITIONS = (
					"$(inherited)",
					"SWIFT_PACKAGE=1",
					"DEBUG=1",
				);
				MACOSX_DEPLOYMENT_TARGET = 10.10;
				ONLY_ACTIVE_ARCH = YES;
				OTHER_SWIFT_FLAGS = "$(inherited) -DXcode";
				PRODUCT_NAME = "$(TARGET_NAME)";
				SDKROOT = macosx;
				SUPPORTED_PLATFORMS = "$(AVAILABLE_PLATFORMS)";
				SUPPORTS_MACCATALYST = YES;
				SWIFT_ACTIVE_COMPILATION_CONDITIONS = "$(inherited) SWIFT_PACKAGE DEBUG";
				SWIFT_OPTIMIZATION_LEVEL = "-Onone";
				USE_HEADERMAP = NO;
			};
			name = Debug;
		};
		OBJ_4 /* Release */ = {
			isa = XCBuildConfiguration;
			buildSettings = {
				CLANG_ENABLE_OBJC_ARC = YES;
				COMBINE_HIDPI_IMAGES = YES;
				COPY_PHASE_STRIP = YES;
				DEBUG_INFORMATION_FORMAT = "dwarf-with-dsym";
				DYLIB_INSTALL_NAME_BASE = "@rpath";
				GCC_OPTIMIZATION_LEVEL = s;
				GCC_PREPROCESSOR_DEFINITIONS = (
					"$(inherited)",
					"SWIFT_PACKAGE=1",
				);
				MACOSX_DEPLOYMENT_TARGET = 10.10;
				OTHER_SWIFT_FLAGS = "$(inherited) -DXcode";
				PRODUCT_NAME = "$(TARGET_NAME)";
				SDKROOT = macosx;
				SUPPORTED_PLATFORMS = "$(AVAILABLE_PLATFORMS)";
				SUPPORTS_MACCATALYST = YES;
				SWIFT_ACTIVE_COMPILATION_CONDITIONS = "$(inherited) SWIFT_PACKAGE";
				SWIFT_OPTIMIZATION_LEVEL = "-Owholemodule";
				USE_HEADERMAP = NO;
			};
			name = Release;
		};
		OBJ_72 /* Debug */ = {
			isa = XCBuildConfiguration;
			buildSettings = {
				CODE_SIGN_IDENTITY = "Apple Development";
				CURRENT_PROJECT_VERSION = 1;
				DEVELOPMENT_TEAM = AX445M92R3;
				DRIVERKIT_DEPLOYMENT_TARGET = 19.0;
				ENABLE_TESTABILITY = YES;
				FRAMEWORK_SEARCH_PATHS = (
					"$(inherited)",
					"$(PLATFORM_DIR)/Developer/Library/Frameworks",
				);
				HEADER_SEARCH_PATHS = "$(inherited)";
				INFOPLIST_FILE = "TodoApp-CLI.xcodeproj/ArgumentParser_Info.plist";
				IPHONEOS_DEPLOYMENT_TARGET = 9.0;
				LD_RUNPATH_SEARCH_PATHS = "$(inherited) $(TOOLCHAIN_DIR)/usr/lib/swift/macosx";
				MACOSX_DEPLOYMENT_TARGET = 10.10;
				OTHER_CFLAGS = "$(inherited)";
				OTHER_LDFLAGS = "$(inherited)";
				OTHER_SWIFT_FLAGS = "$(inherited)";
				PRODUCT_BUNDLE_IDENTIFIER = ArgumentParser;
				PRODUCT_MODULE_NAME = "$(TARGET_NAME:c99extidentifier)";
				PRODUCT_NAME = "$(TARGET_NAME:c99extidentifier)";
				SKIP_INSTALL = YES;
				SWIFT_ACTIVE_COMPILATION_CONDITIONS = "$(inherited)";
				SWIFT_VERSION = 5.0;
				TARGET_NAME = ArgumentParser;
				TVOS_DEPLOYMENT_TARGET = 9.0;
				WATCHOS_DEPLOYMENT_TARGET = 2.0;
			};
			name = Debug;
		};
		OBJ_73 /* Release */ = {
			isa = XCBuildConfiguration;
			buildSettings = {
				CODE_SIGN_IDENTITY = "Apple Development";
				CURRENT_PROJECT_VERSION = 1;
				DEVELOPMENT_TEAM = AX445M92R3;
				DRIVERKIT_DEPLOYMENT_TARGET = 19.0;
				ENABLE_TESTABILITY = YES;
				FRAMEWORK_SEARCH_PATHS = (
					"$(inherited)",
					"$(PLATFORM_DIR)/Developer/Library/Frameworks",
				);
				HEADER_SEARCH_PATHS = "$(inherited)";
				INFOPLIST_FILE = "TodoApp-CLI.xcodeproj/ArgumentParser_Info.plist";
				IPHONEOS_DEPLOYMENT_TARGET = 9.0;
				LD_RUNPATH_SEARCH_PATHS = "$(inherited) $(TOOLCHAIN_DIR)/usr/lib/swift/macosx";
				MACOSX_DEPLOYMENT_TARGET = 10.10;
				OTHER_CFLAGS = "$(inherited)";
				OTHER_LDFLAGS = "$(inherited)";
				OTHER_SWIFT_FLAGS = "$(inherited)";
				PRODUCT_BUNDLE_IDENTIFIER = ArgumentParser;
				PRODUCT_MODULE_NAME = "$(TARGET_NAME:c99extidentifier)";
				PRODUCT_NAME = "$(TARGET_NAME:c99extidentifier)";
				SKIP_INSTALL = YES;
				SWIFT_ACTIVE_COMPILATION_CONDITIONS = "$(inherited)";
				SWIFT_VERSION = 5.0;
				TARGET_NAME = ArgumentParser;
				TVOS_DEPLOYMENT_TARGET = 9.0;
				WATCHOS_DEPLOYMENT_TARGET = 2.0;
			};
			name = Release;
		};
/* End XCBuildConfiguration section */

/* Begin XCConfigurationList section */
		OBJ_118 /* Build configuration list for PBXNativeTarget "ArgumentParserToolInfo" */ = {
			isa = XCConfigurationList;
			buildConfigurations = (
				OBJ_119 /* Debug */,
				OBJ_120 /* Release */,
			);
			defaultConfigurationIsVisible = 0;
			defaultConfigurationName = Release;
		};
		OBJ_125 /* Build configuration list for PBXNativeTarget "TodoApp-CLI" */ = {
			isa = XCConfigurationList;
			buildConfigurations = (
				OBJ_126 /* Debug */,
				OBJ_127 /* Release */,
			);
			defaultConfigurationIsVisible = 0;
			defaultConfigurationName = Release;
		};
		OBJ_136 /* Build configuration list for PBXNativeTarget "TodoApp-CLIPackageDescription" */ = {
			isa = XCConfigurationList;
			buildConfigurations = (
				OBJ_137 /* Debug */,
				OBJ_138 /* Release */,
			);
			defaultConfigurationIsVisible = 0;
			defaultConfigurationName = Release;
		};
		OBJ_142 /* Build configuration list for PBXAggregateTarget "TodoApp-CLIPackageTests" */ = {
			isa = XCConfigurationList;
			buildConfigurations = (
				OBJ_143 /* Debug */,
				OBJ_144 /* Release */,
			);
			defaultConfigurationIsVisible = 0;
			defaultConfigurationName = Release;
		};
		OBJ_147 /* Build configuration list for PBXNativeTarget "TodoApp-CLITests" */ = {
			isa = XCConfigurationList;
			buildConfigurations = (
				OBJ_148 /* Debug */,
				OBJ_149 /* Release */,
			);
			defaultConfigurationIsVisible = 0;
			defaultConfigurationName = Release;
		};
		OBJ_159 /* Build configuration list for PBXNativeTarget "swift-argument-parserPackageDescription" */ = {
			isa = XCConfigurationList;
			buildConfigurations = (
				OBJ_160 /* Debug */,
				OBJ_161 /* Release */,
			);
			defaultConfigurationIsVisible = 0;
			defaultConfigurationName = Release;
		};
		OBJ_2 /* Build configuration list for PBXProject "TodoApp-CLI" */ = {
			isa = XCConfigurationList;
			buildConfigurations = (
				OBJ_3 /* Debug */,
				OBJ_4 /* Release */,
			);
			defaultConfigurationIsVisible = 0;
			defaultConfigurationName = Release;
		};
		OBJ_71 /* Build configuration list for PBXNativeTarget "ArgumentParser" */ = {
			isa = XCConfigurationList;
			buildConfigurations = (
				OBJ_72 /* Debug */,
				OBJ_73 /* Release */,
			);
			defaultConfigurationIsVisible = 0;
			defaultConfigurationName = Release;
		};
/* End XCConfigurationList section */
	};
	rootObject = OBJ_1 /* Project object */;
}
